
Microsoft Visual Studio Solution File, Format Version 12.00
# Visual Studio Version 16
VisualStudioVersion = 16.0.31702.278
MinimumVisualStudioVersion = 10.0.40219.1
Project("{FAE04EC0-301F-11D3-BF4B-00C04F79EFBC}") = "swithch-case", "swithch-case.csproj", "{5BDFFD69-8AD3-45D4-8AA7-1D0CFF9BAD8E}"
EndProject
Global
	GlobalSection(SolutionConfigurationPlatforms) = preSolution
		Debug|Any CPU = Debug|Any CPU
		Release|Any CPU = Release|Any CPU
	EndGlobalSection
	GlobalSection(ProjectConfigurationPlatforms) = postSolution
		{5BDFFD69-8AD3-45D4-8AA7-1D0CFF9BAD8E}.Debug|Any CPU.ActiveCfg = Debug|Any CPU
		{5BDFFD69-8AD3-45D4-8AA7-1D0CFF9BAD8E}.Debug|Any CPU.Build.0 = Debug|Any CPU
		{5BDFFD69-8AD3-45D4-8AA7-1D0CFF9BAD8E}.Release|Any CPU.ActiveCfg = Release|Any CPU
		{5BDFFD69-8AD3-45D4-8AA7-1D0CFF9BAD8E}.Release|Any CPU.Build.0 = Release|Any CPU
	EndGlobalSection
	GlobalSection(SolutionProperties) = preSolution
		HideSolutionNode = FALSE
	EndGlobalSection
	GlobalSection(ExtensibilityGlobals) = postSolution
		SolutionGuid = {727478BA-36A1-4172-ADE0-8F84A340E15F}
	EndGlobalSection
EndGlobal
